
Microsoft Visual Studio Solution File, Format Version 12.00
# Visual Studio 2013
VisualStudioVersion = 12.0.40629.0
MinimumVisualStudioVersion = 10.0.40219.1
Project("{2150E333-8FDC-42A3-9474-1A3956D46DE8}") = "Engine", "Engine", "{2C9AF0BF-41AA-47FB-A158-22CB5521A422}"
EndProject
Project("{2150E333-8FDC-42A3-9474-1A3956D46DE8}") = "Games", "Games", "{9476DEF7-B3CE-44F9-A345-7D9A6DF66B72}"
EndProject
Project("{8BC9CEB8-8B4A-11D0-8D11-00A0C91BC942}") = "UE_CLIPS", "Intermediate\ProjectFiles\UE_CLIPS.vcxproj", "{95F0CDE5-F347-42DB-8319-B639688D0842}"
EndProject
Project("{8BC9CEB8-8B4A-11D0-8D11-00A0C91BC942}") = "UE4", "Intermediate\ProjectFiles\UE4.vcxproj", "{EBFF1655-4400-44FD-8472-5CBE4B2A263A}"
EndProject
Global
	GlobalSection(SolutionConfigurationPlatforms) = preSolution
		DebugGame Editor|Win32 = DebugGame Editor|Win32
		DebugGame Editor|Win64 = DebugGame Editor|Win64
		DebugGame|Win32 = DebugGame|Win32
		DebugGame|Win64 = DebugGame|Win64
		Development Editor|Win32 = Development Editor|Win32
		Development Editor|Win64 = Development Editor|Win64
		Development|Win32 = Development|Win32
		Development|Win64 = Development|Win64
		Shipping|Win32 = Shipping|Win32
		Shipping|Win64 = Shipping|Win64
	EndGlobalSection
	GlobalSection(ProjectConfigurationPlatforms) = postSolution
		{95F0CDE5-F347-42DB-8319-B639688D0842}.DebugGame Editor|Win32.ActiveCfg = DebugGame_Editor|Win32
		{95F0CDE5-F347-42DB-8319-B639688D0842}.DebugGame Editor|Win32.Build.0 = DebugGame_Editor|Win32
		{95F0CDE5-F347-42DB-8319-B639688D0842}.DebugGame Editor|Win64.ActiveCfg = DebugGame_Editor|x64
		{95F0CDE5-F347-42DB-8319-B639688D0842}.DebugGame Editor|Win64.Build.0 = DebugGame_Editor|x64
		{95F0CDE5-F347-42DB-8319-B639688D0842}.DebugGame|Win32.ActiveCfg = DebugGame_Game|Win32
		{95F0CDE5-F347-42DB-8319-B639688D0842}.DebugGame|Win32.Build.0 = DebugGame_Game|Win32
		{95F0CDE5-F347-42DB-8319-B639688D0842}.DebugGame|Win64.ActiveCfg = DebugGame_Game|x64
		{95F0CDE5-F347-42DB-8319-B639688D0842}.DebugGame|Win64.Build.0 = DebugGame_Game|x64
		{95F0CDE5-F347-42DB-8319-B639688D0842}.Development Editor|Win32.ActiveCfg = Development_Editor|Win32
		{95F0CDE5-F347-42DB-8319-B639688D0842}.Development Editor|Win32.Build.0 = Development_Editor|Win32
		{95F0CDE5-F347-42DB-8319-B639688D0842}.Development Editor|Win64.ActiveCfg = Development_Editor|x64
		{95F0CDE5-F347-42DB-8319-B639688D0842}.Development Editor|Win64.Build.0 = Development_Editor|x64
		{95F0CDE5-F347-42DB-8319-B639688D0842}.Development|Win32.ActiveCfg = Development_Game|Win32
		{95F0CDE5-F347-42DB-8319-B639688D0842}.Development|Win32.Build.0 = Development_Game|Win32
		{95F0CDE5-F347-42DB-8319-B639688D0842}.Development|Win64.ActiveCfg = Development_Game|x64
		{95F0CDE5-F347-42DB-8319-B639688D0842}.Development|Win64.Build.0 = Development_Game|x64
		{95F0CDE5-F347-42DB-8319-B639688D0842}.Shipping|Win32.ActiveCfg = Shipping_Game|Win32
		{95F0CDE5-F347-42DB-8319-B639688D0842}.Shipping|Win32.Build.0 = Shipping_Game|Win32
		{95F0CDE5-F347-42DB-8319-B639688D0842}.Shipping|Win64.ActiveCfg = Shipping_Game|x64
		{95F0CDE5-F347-42DB-8319-B639688D0842}.Shipping|Win64.Build.0 = Shipping_Game|x64
		{EBFF1655-4400-44FD-8472-5CBE4B2A263A}.DebugGame Editor|Win32.ActiveCfg = BuiltWithUnrealBuildTool|Win32
		{EBFF1655-4400-44FD-8472-5CBE4B2A263A}.DebugGame Editor|Win32.Build.0 = BuiltWithUnrealBuildTool|Win32
		{EBFF1655-4400-44FD-8472-5CBE4B2A263A}.DebugGame Editor|Win64.ActiveCfg = BuiltWithUnrealBuildTool|Win32
		{EBFF1655-4400-44FD-8472-5CBE4B2A263A}.DebugGame|Win32.ActiveCfg = BuiltWithUnrealBuildTool|Win32
		{EBFF1655-4400-44FD-8472-5CBE4B2A263A}.DebugGame|Win32.Build.0 = BuiltWithUnrealBuildTool|Win32
		{EBFF1655-4400-44FD-8472-5CBE4B2A263A}.DebugGame|Win64.ActiveCfg = BuiltWithUnrealBuildTool|Win32
		{EBFF1655-4400-44FD-8472-5CBE4B2A263A}.Development Editor|Win32.ActiveCfg = BuiltWithUnrealBuildTool|Win32
		{EBFF1655-4400-44FD-8472-5CBE4B2A263A}.Development Editor|Win32.Build.0 = BuiltWithUnrealBuildTool|Win32
		{EBFF1655-4400-44FD-8472-5CBE4B2A263A}.Development Editor|Win64.ActiveCfg = BuiltWithUnrealBuildTool|Win32
		{EBFF1655-4400-44FD-8472-5CBE4B2A263A}.Development|Win32.ActiveCfg = BuiltWithUnrealBuildTool|Win32
		{EBFF1655-4400-44FD-8472-5CBE4B2A263A}.Development|Win32.Build.0 = BuiltWithUnrealBuildTool|Win32
		{EBFF1655-4400-44FD-8472-5CBE4B2A263A}.Development|Win64.ActiveCfg = BuiltWithUnrealBuildTool|Win32
		{EBFF1655-4400-44FD-8472-5CBE4B2A263A}.Shipping|Win32.ActiveCfg = BuiltWithUnrealBuildTool|Win32
		{EBFF1655-4400-44FD-8472-5CBE4B2A263A}.Shipping|Win32.Build.0 = BuiltWithUnrealBuildTool|Win32
		{EBFF1655-4400-44FD-8472-5CBE4B2A263A}.Shipping|Win64.ActiveCfg = BuiltWithUnrealBuildTool|Win32
	EndGlobalSection
	GlobalSection(SolutionProperties) = preSolution
		HideSolutionNode = FALSE
	EndGlobalSection
	GlobalSection(NestedProjects) = preSolution
		{95F0CDE5-F347-42DB-8319-B639688D0842} = {9476DEF7-B3CE-44F9-A345-7D9A6DF66B72}
		{EBFF1655-4400-44FD-8472-5CBE4B2A263A} = {2C9AF0BF-41AA-47FB-A158-22CB5521A422}
	EndGlobalSection
EndGlobal
